<?xml version="1.0" encoding="utf-8"?>
<Project ToolsVersion="4.0" xmlns="http://schemas.microsoft.com/developer/msbuild/2003">
  <ItemGroup>
    <ClCompile Include="CascadeFactory.cpp">
      <Filter>Source Files</Filter>
    </ClCompile>
    <ClCompile Include="Euclidian.cpp">
      <Filter>Source Files</Filter>
    </ClCompile>
    <ClCompile Include="FisherFaceRecognizer.cpp">
      <Filter>Source Files</Filter>
    </ClCompile>
    <ClCompile Include="main.cpp">
      <Filter>Source Files</Filter>
    </ClCompile>
  </ItemGroup>
  <ItemGroup>
    <ClInclude Include="CascadeFactory.hpp">
      <Filter>Header Files</Filter>
    </ClInclude>
    <ClInclude Include="Euclidian.hpp">
      <Filter>Header Files</Filter>
    </ClInclude>
    <ClInclude Include="FisherFaceRecognizer.hpp">
      <Filter>Header Files</Filter>
    </ClInclude>
    <ClInclude Include="test.hpp">
      <Filter>Header Files</Filter>
    </ClInclude>
    <ClInclude Include="Utility.hpp">
      <Filter>Header Files</Filter>
    </ClInclude>
  </ItemGroup>
  <ItemGroup>
    <CustomBuild Include="CMakeLists.txt" />
  </ItemGroup>
  <ItemGroup>
    <Filter Include="Source Files">
      <UniqueIdentifier>{812B5C98-C872-4554-BC98-0AC22C0FD2E6}</UniqueIdentifier>
    </Filter>
    <Filter Include="Header Files">
      <UniqueIdentifier>{A9550C28-40B1-4455-B969-43E58638B59B}</UniqueIdentifier>
    </Filter>
  </ItemGroup>
</Project>
